
Microsoft Visual Studio Solution File, Format Version 12.00
# Visual Studio Version 17
VisualStudioVersion = 17.14.37411.7
MinimumVisualStudioVersion = 10.0.40219.1
Project("{FAE04EC0-301F-11D3-BF4B-00C04F79EFBC}") = "Inoc_laboratory", "Inoc_laboratory.csproj", "{8BD2AD6B-CB97-4C5F-8FF4-65E81041E767}"
EndProject
Global
	GlobalSection(SolutionConfigurationPlatforms) = preSolution
		Debug|Any CPU = Debug|Any CPU
		Release|Any CPU = Release|Any CPU
	EndGlobalSection
	GlobalSection(ProjectConfigurationPlatforms) = postSolution
		{8BD2AD6B-CB97-4C5F-8FF4-65E81041E767}.Debug|Any CPU.ActiveCfg = Debug|Any CPU
		{8BD2AD6B-CB97-4C5F-8FF4-65E81041E767}.Debug|Any CPU.Build.0 = Debug|Any CPU
		{8BD2AD6B-CB97-4C5F-8FF4-65E81041E767}.Release|Any CPU.ActiveCfg = Release|Any CPU
		{8BD2AD6B-CB97-4C5F-8FF4-65E81041E767}.Release|Any CPU.Build.0 = Release|Any CPU
	EndGlobalSection
	GlobalSection(SolutionProperties) = preSolution
		HideSolutionNode = FALSE
	EndGlobalSection
	GlobalSection(ExtensibilityGlobals) = postSolution
		SolutionGuid = {A34206ED-E70E-408C-8C2F-45CE93D687FF}
	EndGlobalSection
EndGlobal
